// !$*UTF8*$!
{
	archiveVersion = 1;
	classes = {
	};
	objectVersion = 46;
	objects = {

/* Begin PBXBuildFile section */
		1F40DF231D7B371F003AC217 /* ZJPreviewViewController.m in Sources */ = {isa = PBXBuildFile; fileRef = 1F40DF0D1D7B371F003AC217 /* ZJPreviewViewController.m */; };
		1F40DF241D7B371F003AC217 /* ZJViewerViewController.m in Sources */ = {isa = PBXBuildFile; fileRef = 1F40DF0F1D7B371F003AC217 /* ZJViewerViewController.m */; };
		1F40DF251D7B371F003AC217 /* ZJAlbum.m in Sources */ = {isa = PBXBuildFile; fileRef = 1F40DF121D7B371F003AC217 /* ZJAlbum.m */; };
		1F40DF261D7B371F003AC217 /* ZJAlbumTableViewController.m in Sources */ = {isa = PBXBuildFile; fileRef = 1F40DF141D7B371F003AC217 /* ZJAlbumTableViewController.m */; };
		1F40DF271D7B371F003AC217 /* ZJAssetsLibraryManager.m in Sources */ = {isa = PBXBuildFile; fileRef = 1F40DF161D7B371F003AC217 /* ZJAssetsLibraryManager.m */; };
		1F40DF281D7B371F003AC217 /* ZJCircleCounterButton.m in Sources */ = {isa = PBXBuildFile; fileRef = 1F40DF181D7B371F003AC217 /* ZJCircleCounterButton.m */; };
		1F40DF291D7B371F003AC217 /* ZJImageGridCell.m in Sources */ = {isa = PBXBuildFile; fileRef = 1F40DF1A1D7B371F003AC217 /* ZJImageGridCell.m */; };
		1F40DF2A1D7B371F003AC217 /* ZJImageGridViewController.m in Sources */ = {isa = PBXBuildFile; fileRef = 1F40DF1C1D7B371F003AC217 /* ZJImageGridViewController.m */; };
		1F40DF2B1D7B371F003AC217 /* ZJImagePickerController.m in Sources */ = {isa = PBXBuildFile; fileRef = 1F40DF1E1D7B371F003AC217 /* ZJImagePickerController.m */; };
		1F40DF2C1D7B371F003AC217 /* ZJImageSelectButton.m in Sources */ = {isa = PBXBuildFile; fileRef = 1F40DF201D7B371F003AC217 /* ZJImageSelectButton.m */; };
		1F40DF2D1D7B371F003AC217 /* ZJToolBar.m in Sources */ = {isa = PBXBuildFile; fileRef = 1F40DF221D7B371F003AC217 /* ZJToolBar.m */; };
		1FA55A691D7B03DD00B51E16 /* main.m in Sources */ = {isa = PBXBuildFile; fileRef = 1FA55A681D7B03DD00B51E16 /* main.m */; };
		1FA55A6C1D7B03DD00B51E16 /* AppDelegate.m in Sources */ = {isa = PBXBuildFile; fileRef = 1FA55A6B1D7B03DD00B51E16 /* AppDelegate.m */; };
		1FA55A6F1D7B03DD00B51E16 /* ViewController.m in Sources */ = {isa = PBXBuildFile; fileRef = 1FA55A6E1D7B03DD00B51E16 /* ViewController.m */; };
		1FA55A721D7B03DD00B51E16 /* Main.storyboard in Resources */ = {isa = PBXBuildFile; fileRef = 1FA55A701D7B03DD00B51E16 /* Main.storyboard */; };
		1FA55A741D7B03DD00B51E16 /* Assets.xcassets in Resources */ = {isa = PBXBuildFile; fileRef = 1FA55A731D7B03DD00B51E16 /* Assets.xcassets */; };
		1FA55A771D7B03DD00B51E16 /* LaunchScreen.storyboard in Resources */ = {isa = PBXBuildFile; fileRef = 1FA55A751D7B03DD00B51E16 /* LaunchScreen.storyboard */; };
		1FA55AAF1D7B10C800B51E16 /* ZJImage.bundle in Resources */ = {isa = PBXBuildFile; fileRef = 1FA55AAE1D7B10C800B51E16 /* ZJImage.bundle */; };
		1FBCBCCA249DCBF200215ADA /* TestViewController.m in Sources */ = {isa = PBXBuildFile; fileRef = 1FBCBCC9249DCBF200215ADA /* TestViewController.m */; };
		1FBCBCCD249DCE5D00215ADA /* DemoViewController.m in Sources */ = {isa = PBXBuildFile; fileRef = 1FBCBCCC249DCE5D00215ADA /* DemoViewController.m */; };
/* End PBXBuildFile section */

/* Begin PBXFileReference section */
		1F40DF0C1D7B371F003AC217 /* ZJPreviewViewController.h */ = {isa = PBXFileReference; fileEncoding = 4; lastKnownFileType = sourcecode.c.h; path = ZJPreviewViewController.h; sourceTree = "<group>"; };
		1F40DF0D1D7B371F003AC217 /* ZJPreviewViewController.m */ = {isa = PBXFileReference; fileEncoding = 4; lastKnownFileType = sourcecode.c.objc; path = ZJPreviewViewController.m; sourceTree = "<group>"; };
		1F40DF0E1D7B371F003AC217 /* ZJViewerViewController.h */ = {isa = PBXFileReference; fileEncoding = 4; lastKnownFileType = sourcecode.c.h; path = ZJViewerViewController.h; sourceTree = "<group>"; };
		1F40DF0F1D7B371F003AC217 /* ZJViewerViewController.m */ = {isa = PBXFileReference; fileEncoding = 4; lastKnownFileType = sourcecode.c.objc; path = ZJViewerViewController.m; sourceTree = "<group>"; };
		1F40DF111D7B371F003AC217 /* ZJAlbum.h */ = {isa = PBXFileReference; fileEncoding = 4; lastKnownFileType = sourcecode.c.h; path = ZJAlbum.h; sourceTree = "<group>"; };
		1F40DF121D7B371F003AC217 /* ZJAlbum.m */ = {isa = PBXFileReference; fileEncoding = 4; lastKnownFileType = sourcecode.c.objc; path = ZJAlbum.m; sourceTree = "<group>"; };
		1F40DF131D7B371F003AC217 /* ZJAlbumTableViewController.h */ = {isa = PBXFileReference; fileEncoding = 4; lastKnownFileType = sourcecode.c.h; path = ZJAlbumTableViewController.h; sourceTree = "<group>"; };
		1F40DF141D7B371F003AC217 /* ZJAlbumTableViewController.m */ = {isa = PBXFileReference; fileEncoding = 4; lastKnownFileType = sourcecode.c.objc; path = ZJAlbumTableViewController.m; sourceTree = "<group>"; };
		1F40DF151D7B371F003AC217 /* ZJAssetsLibraryManager.h */ = {isa = PBXFileReference; fileEncoding = 4; lastKnownFileType = sourcecode.c.h; path = ZJAssetsLibraryManager.h; sourceTree = "<group>"; };
		1F40DF161D7B371F003AC217 /* ZJAssetsLibraryManager.m */ = {isa = PBXFileReference; fileEncoding = 4; lastKnownFileType = sourcecode.c.objc; path = ZJAssetsLibraryManager.m; sourceTree = "<group>"; };
		1F40DF171D7B371F003AC217 /* ZJCircleCounterButton.h */ = {isa = PBXFileReference; fileEncoding = 4; lastKnownFileType = sourcecode.c.h; path = ZJCircleCounterButton.h; sourceTree = "<group>"; };
		1F40DF181D7B371F003AC217 /* ZJCircleCounterButton.m */ = {isa = PBXFileReference; fileEncoding = 4; lastKnownFileType = sourcecode.c.objc; path = ZJCircleCounterButton.m; sourceTree = "<group>"; };
		1F40DF191D7B371F003AC217 /* ZJImageGridCell.h */ = {isa = PBXFileReference; fileEncoding = 4; lastKnownFileType = sourcecode.c.h; path = ZJImageGridCell.h; sourceTree = "<group>"; };
		1F40DF1A1D7B371F003AC217 /* ZJImageGridCell.m */ = {isa = PBXFileReference; fileEncoding = 4; lastKnownFileType = sourcecode.c.objc; path = ZJImageGridCell.m; sourceTree = "<group>"; };
		1F40DF1B1D7B371F003AC217 /* ZJImageGridViewController.h */ = {isa = PBXFileReference; fileEncoding = 4; lastKnownFileType = sourcecode.c.h; path = ZJImageGridViewController.h; sourceTree = "<group>"; };
		1F40DF1C1D7B371F003AC217 /* ZJImageGridViewController.m */ = {isa = PBXFileReference; fileEncoding = 4; lastKnownFileType = sourcecode.c.objc; path = ZJImageGridViewController.m; sourceTree = "<group>"; };
		1F40DF1D1D7B371F003AC217 /* ZJImagePickerController.h */ = {isa = PBXFileReference; fileEncoding = 4; lastKnownFileType = sourcecode.c.h; path = ZJImagePickerController.h; sourceTree = "<group>"; };
		1F40DF1E1D7B371F003AC217 /* ZJImagePickerController.m */ = {isa = PBXFileReference; fileEncoding = 4; lastKnownFileType = sourcecode.c.objc; path = ZJImagePickerController.m; sourceTree = "<group>"; };
		1F40DF1F1D7B371F003AC217 /* ZJImageSelectButton.h */ = {isa = PBXFileReference; fileEncoding = 4; lastKnownFileType = sourcecode.c.h; path = ZJImageSelectButton.h; sourceTree = "<group>"; };
		1F40DF201D7B371F003AC217 /* ZJImageSelectButton.m */ = {isa = PBXFileReference; fileEncoding = 4; lastKnownFileType = sourcecode.c.objc; path = ZJImageSelectButton.m; sourceTree = "<group>"; };
		1F40DF211D7B371F003AC217 /* ZJToolBar.h */ = {isa = PBXFileReference; fileEncoding = 4; lastKnownFileType = sourcecode.c.h; path = ZJToolBar.h; sourceTree = "<group>"; };
		1F40DF221D7B371F003AC217 /* ZJToolBar.m */ = {isa = PBXFileReference; fileEncoding = 4; lastKnownFileType = sourcecode.c.objc; path = ZJToolBar.m; sourceTree = "<group>"; };
		1FA55A641D7B03DD00B51E16 /* ZJImagePickerDemo.app */ = {isa = PBXFileReference; explicitFileType = wrapper.application; includeInIndex = 0; path = ZJImagePickerDemo.app; sourceTree = BUILT_PRODUCTS_DIR; };
		1FA55A681D7B03DD00B51E16 /* main.m */ = {isa = PBXFileReference; lastKnownFileType = sourcecode.c.objc; path = main.m; sourceTree = "<group>"; };
		1FA55A6A1D7B03DD00B51E16 /* AppDelegate.h */ = {isa = PBXFileReference; lastKnownFileType = sourcecode.c.h; path = AppDelegate.h; sourceTree = "<group>"; };
		1FA55A6B1D7B03DD00B51E16 /* AppDelegate.m */ = {isa = PBXFileReference; lastKnownFileType = sourcecode.c.objc; path = AppDelegate.m; sourceTree = "<group>"; };
		1FA55A6D1D7B03DD00B51E16 /* ViewController.h */ = {isa = PBXFileReference; lastKnownFileType = sourcecode.c.h; path = ViewController.h; sourceTree = "<group>"; };
		1FA55A6E1D7B03DD00B51E16 /* ViewController.m */ = {isa = PBXFileReference; lastKnownFileType = sourcecode.c.objc; path = ViewController.m; sourceTree = "<group>"; };
		1FA55A711D7B03DD00B51E16 /* Base */ = {isa = PBXFileReference; lastKnownFileType = file.storyboard; name = Base; path = Base.lproj/Main.storyboard; sourceTree = "<group>"; };
		1FA55A731D7B03DD00B51E16 /* Assets.xcassets */ = {isa = PBXFileReference; lastKnownFileType = folder.assetcatalog; path = Assets.xcassets; sourceTree = "<group>"; };
		1FA55A761D7B03DD00B51E16 /* Base */ = {isa = PBXFileReference; lastKnownFileType = file.storyboard; name = Base; path = Base.lproj/LaunchScreen.storyboard; sourceTree = "<group>"; };
		1FA55A781D7B03DD00B51E16 /* Info.plist */ = {isa = PBXFileReference; lastKnownFileType = text.plist.xml; path = Info.plist; sourceTree = "<group>"; };
		1FA55AAE1D7B10C800B51E16 /* ZJImage.bundle */ = {isa = PBXFileReference; lastKnownFileType = "wrapper.plug-in"; path = ZJImage.bundle; sourceTree = "<group>"; };
		1FBCBCC8249DCBF200215ADA /* TestViewController.h */ = {isa = PBXFileReference; lastKnownFileType = sourcecode.c.h; path = TestViewController.h; sourceTree = "<group>"; };
		1FBCBCC9249DCBF200215ADA /* TestViewController.m */ = {isa = PBXFileReference; lastKnownFileType = sourcecode.c.objc; path = TestViewController.m; sourceTree = "<group>"; };
		1FBCBCCB249DCE5D00215ADA /* DemoViewController.h */ = {isa = PBXFileReference; lastKnownFileType = sourcecode.c.h; path = DemoViewController.h; sourceTree = "<group>"; };
		1FBCBCCC249DCE5D00215ADA /* DemoViewController.m */ = {isa = PBXFileReference; lastKnownFileType = sourcecode.c.objc; path = DemoViewController.m; sourceTree = "<group>"; };
/* End PBXFileReference section */

/* Begin PBXFrameworksBuildPhase section */
		1FA55A611D7B03DD00B51E16 /* Frameworks */ = {
			isa = PBXFrameworksBuildPhase;
			buildActionMask = 2147483647;
			files = (
			);
			runOnlyForDeploymentPostprocessing = 0;
		};
/* End PBXFrameworksBuildPhase section */

/* Begin PBXGroup section */
		1F40DF0B1D7B371F003AC217 /* ImageBrower */ = {
			isa = PBXGroup;
			children = (
				1F40DF0C1D7B371F003AC217 /* ZJPreviewViewController.h */,
				1F40DF0D1D7B371F003AC217 /* ZJPreviewViewController.m */,
				1F40DF0E1D7B371F003AC217 /* ZJViewerViewController.h */,
				1F40DF0F1D7B371F003AC217 /* ZJViewerViewController.m */,
			);
			path = ImageBrower;
			sourceTree = "<group>";
		};
		1F40DF101D7B371F003AC217 /* ImagePicker */ = {
			isa = PBXGroup;
			children = (
				1F40DF111D7B371F003AC217 /* ZJAlbum.h */,
				1F40DF121D7B371F003AC217 /* ZJAlbum.m */,
				1F40DF131D7B371F003AC217 /* ZJAlbumTableViewController.h */,
				1F40DF141D7B371F003AC217 /* ZJAlbumTableViewController.m */,
				1F40DF151D7B371F003AC217 /* ZJAssetsLibraryManager.h */,
				1F40DF161D7B371F003AC217 /* ZJAssetsLibraryManager.m */,
				1F40DF171D7B371F003AC217 /* ZJCircleCounterButton.h */,
				1F40DF181D7B371F003AC217 /* ZJCircleCounterButton.m */,
				1F40DF191D7B371F003AC217 /* ZJImageGridCell.h */,
				1F40DF1A1D7B371F003AC217 /* ZJImageGridCell.m */,
				1F40DF1B1D7B371F003AC217 /* ZJImageGridViewController.h */,
				1F40DF1C1D7B371F003AC217 /* ZJImageGridViewController.m */,
				1F40DF1D1D7B371F003AC217 /* ZJImagePickerController.h */,
				1F40DF1E1D7B371F003AC217 /* ZJImagePickerController.m */,
				1F40DF1F1D7B371F003AC217 /* ZJImageSelectButton.h */,
				1F40DF201D7B371F003AC217 /* ZJImageSelectButton.m */,
				1F40DF211D7B371F003AC217 /* ZJToolBar.h */,
				1F40DF221D7B371F003AC217 /* ZJToolBar.m */,
			);
			path = ImagePicker;
			sourceTree = "<group>";
		};
		1FA55A5B1D7B03DD00B51E16 = {
			isa = PBXGroup;
			children = (
				1FA55A661D7B03DD00B51E16 /* ZJImagePickerDemo */,
				1FA55A651D7B03DD00B51E16 /* Products */,
			);
			sourceTree = "<group>";
		};
		1FA55A651D7B03DD00B51E16 /* Products */ = {
			isa = PBXGroup;
			children = (
				1FA55A641D7B03DD00B51E16 /* ZJImagePickerDemo.app */,
			);
			name = Products;
			sourceTree = "<group>";
		};
		1FA55A661D7B03DD00B51E16 /* ZJImagePickerDemo */ = {
			isa = PBXGroup;
			children = (
				1FA55A7E1D7B074A00B51E16 /* ZJImagePicker */,
				1FA55A6A1D7B03DD00B51E16 /* AppDelegate.h */,
				1FA55A6B1D7B03DD00B51E16 /* AppDelegate.m */,
				1FA55A6D1D7B03DD00B51E16 /* ViewController.h */,
				1FA55A6E1D7B03DD00B51E16 /* ViewController.m */,
				1FBCBCC8249DCBF200215ADA /* TestViewController.h */,
				1FBCBCC9249DCBF200215ADA /* TestViewController.m */,
				1FBCBCCB249DCE5D00215ADA /* DemoViewController.h */,
				1FBCBCCC249DCE5D00215ADA /* DemoViewController.m */,
				1FA55A701D7B03DD00B51E16 /* Main.storyboard */,
				1FA55A731D7B03DD00B51E16 /* Assets.xcassets */,
				1FA55A751D7B03DD00B51E16 /* LaunchScreen.storyboard */,
				1FA55A781D7B03DD00B51E16 /* Info.plist */,
				1FA55A671D7B03DD00B51E16 /* Supporting Files */,
			);
			path = ZJImagePickerDemo;
			sourceTree = "<group>";
		};
		1FA55A671D7B03DD00B51E16 /* Supporting Files */ = {
			isa = PBXGroup;
			children = (
				1FA55A681D7B03DD00B51E16 /* main.m */,
			);
			name = "Supporting Files";
			sourceTree = "<group>";
		};
		1FA55A7E1D7B074A00B51E16 /* ZJImagePicker */ = {
			isa = PBXGroup;
			children = (
				1F40DF0B1D7B371F003AC217 /* ImageBrower */,
				1F40DF101D7B371F003AC217 /* ImagePicker */,
				1FA55AAE1D7B10C800B51E16 /* ZJImage.bundle */,
			);
			path = ZJImagePicker;
			sourceTree = "<group>";
		};
/* End PBXGroup section */

/* Begin PBXNativeTarget section */
		1FA55A631D7B03DD00B51E16 /* ZJImagePickerDemo */ = {
			isa = PBXNativeTarget;
			buildConfigurationList = 1FA55A7B1D7B03DD00B51E16 /* Build configuration list for PBXNativeTarget "ZJImagePickerDemo" */;
			buildPhases = (
				1FA55A601D7B03DD00B51E16 /* Sources */,
				1FA55A611D7B03DD00B51E16 /* Frameworks */,
				1FA55A621D7B03DD00B51E16 /* Resources */,
			);
			buildRules = (
			);
			dependencies = (
			);
			name = ZJImagePickerDemo;
			productName = ZJImagePickerDemo;
			productReference = 1FA55A641D7B03DD00B51E16 /* ZJImagePickerDemo.app */;
			productType = "com.apple.product-type.application";
		};
/* End PBXNativeTarget section */

/* Begin PBXProject section */
		1FA55A5C1D7B03DD00B51E16 /* Project object */ = {
			isa = PBXProject;
			attributes = {
				LastUpgradeCheck = 0730;
				ORGANIZATIONNAME = Triangle;
				TargetAttributes = {
					1FA55A631D7B03DD00B51E16 = {
						CreatedOnToolsVersion = 7.3.1;
					};
				};
			};
			buildConfigurationList = 1FA55A5F1D7B03DD00B51E16 /* Build configuration list for PBXProject "ZJImagePickerDemo" */;
			compatibilityVersion = "Xcode 3.2";
			developmentRegion = English;
			hasScannedForEncodings = 0;
			knownRegions = (
				English,
				en,
				Base,
			);
			mainGroup = 1FA55A5B1D7B03DD00B51E16;
			productRefGroup = 1FA55A651D7B03DD00B51E16 /* Products */;
			projectDirPath = "";
			projectRoot = "";
			targets = (
				1FA55A631D7B03DD00B51E16 /* ZJImagePickerDemo */,
			);
		};
/* End PBXProject section */

/* Begin PBXResourcesBuildPhase section */
		1FA55A621D7B03DD00B51E16 /* Resources */ = {
			isa = PBXResourcesBuildPhase;
			buildActionMask = 2147483647;
			files = (
				1FA55A771D7B03DD00B51E16 /* LaunchScreen.storyboard in Resources */,
				1FA55AAF1D7B10C800B51E16 /* ZJImage.bundle in Resources */,
				1FA55A741D7B03DD00B51E16 /* Assets.xcassets in Resources */,
				1FA55A721D7B03DD00B51E16 /* Main.storyboard in Resources */,
			);
			runOnlyForDeploymentPostprocessing = 0;
		};
/* End PBXResourcesBuildPhase section */

/* Begin PBXSourcesBuildPhase section */
		1FA55A601D7B03DD00B51E16 /* Sources */ = {
			isa = PBXSourcesBuildPhase;
			buildActionMask = 2147483647;
			files = (
				1F40DF241D7B371F003AC217 /* ZJViewerViewController.m in Sources */,
				1F40DF2A1D7B371F003AC217 /* ZJImageGridViewController.m in Sources */,
				1F40DF2C1D7B371F003AC217 /* ZJImageSelectButton.m in Sources */,
				1FBCBCCD249DCE5D00215ADA /* DemoViewController.m in Sources */,
				1F40DF291D7B371F003AC217 /* ZJImageGridCell.m in Sources */,
				1FA55A6F1D7B03DD00B51E16 /* ViewController.m in Sources */,
				1F40DF271D7B371F003AC217 /* ZJAssetsLibraryManager.m in Sources */,
				1F40DF2B1D7B371F003AC217 /* ZJImagePickerController.m in Sources */,
				1F40DF261D7B371F003AC217 /* ZJAlbumTableViewController.m in Sources */,
				1F40DF231D7B371F003AC217 /* ZJPreviewViewController.m in Sources */,
				1FBCBCCA249DCBF200215ADA /* TestViewController.m in Sources */,
				1F40DF251D7B371F003AC217 /* ZJAlbum.m in Sources */,
				1FA55A6C1D7B03DD00B51E16 /* AppDelegate.m in Sources */,
				1F40DF281D7B371F003AC217 /* ZJCircleCounterButton.m in Sources */,
				1FA55A691D7B03DD00B51E16 /* main.m in Sources */,
				1F40DF2D1D7B371F003AC217 /* ZJToolBar.m in Sources */,
			);
			runOnlyForDeploymentPostprocessing = 0;
		};
/* End PBXSourcesBuildPhase section */

/* Begin PBXVariantGroup section */
		1FA55A701D7B03DD00B51E16 /* Main.storyboard */ = {
			isa = PBXVariantGroup;
			children = (
				1FA55A711D7B03DD00B51E16 /* Base */,
			);
			name = Main.storyboard;
			sourceTree = "<group>";
		};
		1FA55A751D7B03DD00B51E16 /* LaunchScreen.storyboard */ = {
			isa = PBXVariantGroup;
			children = (
				1FA55A761D7B03DD00B51E16 /* Base */,
			);
			name = LaunchScreen.storyboard;
			sourceTree = "<group>";
		};
/* End PBXVariantGroup section */

/* Begin XCBuildConfiguration section */
		1FA55A791D7B03DD00B51E16 /* Debug */ = {
			isa = XCBuildConfiguration;
			buildSettings = {
				ALWAYS_SEARCH_USER_PATHS = NO;
				CLANG_ANALYZER_NONNULL = YES;
				CLANG_CXX_LANGUAGE_STANDARD = "gnu++0x";
				CLANG_CXX_LIBRARY = "libc++";
				CLANG_ENABLE_MODULES = YES;
				CLANG_ENABLE_OBJC_ARC = YES;
				CLANG_WARN_BOOL_CONVERSION = YES;
				CLANG_WARN_CONSTANT_CONVERSION = YES;
				CLANG_WARN_DIRECT_OBJC_ISA_USAGE = YES_ERROR;
				CLANG_WARN_EMPTY_BODY = YES;
				CLANG_WARN_ENUM_CONVERSION = YES;
				CLANG_WARN_INT_CONVERSION = YES;
				CLANG_WARN_OBJC_ROOT_CLASS = YES_ERROR;
				CLANG_WARN_UNREACHABLE_CODE = YES;
				CLANG_WARN__DUPLICATE_METHOD_MATCH = YES;
				"CODE_SIGN_IDENTITY[sdk=iphoneos*]" = "iPhone Developer";
				COPY_PHASE_STRIP = NO;
				DEBUG_INFORMATION_FORMAT = dwarf;
				ENABLE_STRICT_OBJC_MSGSEND = YES;
				ENABLE_TESTABILITY = YES;
				GCC_C_LANGUAGE_STANDARD = gnu99;
				GCC_DYNAMIC_NO_PIC = NO;
				GCC_NO_COMMON_BLOCKS = YES;
				GCC_OPTIMIZATION_LEVEL = 0;
				GCC_PREPROCESSOR_DEFINITIONS = (
					"DEBUG=1",
					"$(inherited)",
				);
				GCC_WARN_64_TO_32_BIT_CONVERSION = YES;
				GCC_WARN_ABOUT_RETURN_TYPE = YES_ERROR;
				GCC_WARN_UNDECLARED_SELECTOR = YES;
				GCC_WARN_UNINITIALIZED_AUTOS = YES_AGGRESSIVE;
				GCC_WARN_UNUSED_FUNCTION = YES;
				GCC_WARN_UNUSED_VARIABLE = YES;
				IPHONEOS_DEPLOYMENT_TARGET = 9.3;
				MTL_ENABLE_DEBUG_INFO = YES;
				ONLY_ACTIVE_ARCH = YES;
				SDKROOT = iphoneos;
			};
			name = Debug;
		};
		1FA55A7A1D7B03DD00B51E16 /* Release */ = {
			isa = XCBuildConfiguration;
			buildSettings = {
				ALWAYS_SEARCH_USER_PATHS = NO;
				CLANG_ANALYZER_NONNULL = YES;
				CLANG_CXX_LANGUAGE_STANDARD = "gnu++0x";
				CLANG_CXX_LIBRARY = "libc++";
				CLANG_ENABLE_MODULES = YES;
				CLANG_ENABLE_OBJC_ARC = YES;
				CLANG_WARN_BOOL_CONVERSION = YES;
				CLANG_WARN_CONSTANT_CONVERSION = YES;
				CLANG_WARN_DIRECT_OBJC_ISA_USAGE = YES_ERROR;
				CLANG_WARN_EMPTY_BODY = YES;
				CLANG_WARN_ENUM_CONVERSION = YES;
				CLANG_WARN_INT_CONVERSION = YES;
				CLANG_WARN_OBJC_ROOT_CLASS = YES_ERROR;
				CLANG_WARN_UNREACHABLE_CODE = YES;
				CLANG_WARN__DUPLICATE_METHOD_MATCH = YES;
				"CODE_SIGN_IDENTITY[sdk=iphoneos*]" = "iPhone Developer";
				COPY_PHASE_STRIP = NO;
				DEBUG_INFORMATION_FORMAT = "dwarf-with-dsym";
				ENABLE_NS_ASSERTIONS = NO;
				ENABLE_STRICT_OBJC_MSGSEND = YES;
				GCC_C_LANGUAGE_STANDARD = gnu99;
				GCC_NO_COMMON_BLOCKS = YES;
				GCC_WARN_64_TO_32_BIT_CONVERSION = YES;
				GCC_WARN_ABOUT_RETURN_TYPE = YES_ERROR;
				GCC_WARN_UNDECLARED_SELECTOR = YES;
				GCC_WARN_UNINITIALIZED_AUTOS = YES_AGGRESSIVE;
				GCC_WARN_UNUSED_FUNCTION = YES;
				GCC_WARN_UNUSED_VARIABLE = YES;
				IPHONEOS_DEPLOYMENT_TARGET = 9.3;
				MTL_ENABLE_DEBUG_INFO = NO;
				SDKROOT = iphoneos;
				VALIDATE_PRODUCT = YES;
			};
			name = Release;
		};
		1FA55A7C1D7B03DD00B51E16 /* Debug */ = {
			isa = XCBuildConfiguration;
			buildSettings = {
				ASSETCATALOG_COMPILER_APPICON_NAME = AppIcon;
				CODE_SIGN_IDENTITY = "iPhone Developer";
				"CODE_SIGN_IDENTITY[sdk=iphoneos*]" = "iPhone Developer";
				INFOPLIST_FILE = ZJImagePickerDemo/Info.plist;
				IPHONEOS_DEPLOYMENT_TARGET = 7.0;
				LD_RUNPATH_SEARCH_PATHS = "$(inherited) @executable_path/Frameworks";
				PRODUCT_BUNDLE_IDENTIFIER = com.zj.ZJImagePickerDemo;
				PRODUCT_NAME = "$(TARGET_NAME)";
				PROVISIONING_PROFILE = "";
			};
			name = Debug;
		};
		1FA55A7D1D7B03DD00B51E16 /* Release */ = {
			isa = XCBuildConfiguration;
			buildSettings = {
				ASSETCATALOG_COMPILER_APPICON_NAME = AppIcon;
				CODE_SIGN_IDENTITY = "iPhone Developer";
				"CODE_SIGN_IDENTITY[sdk=iphoneos*]" = "iPhone Developer";
				INFOPLIST_FILE = ZJImagePickerDemo/Info.plist;
				IPHONEOS_DEPLOYMENT_TARGET = 7.0;
				LD_RUNPATH_SEARCH_PATHS = "$(inherited) @executable_path/Frameworks";
				PRODUCT_BUNDLE_IDENTIFIER = com.zj.ZJImagePickerDemo;
				PRODUCT_NAME = "$(TARGET_NAME)";
				PROVISIONING_PROFILE = "";
			};
			name = Release;
		};
/* End XCBuildConfiguration section */

/* Begin XCConfigurationList section */
		1FA55A5F1D7B03DD00B51E16 /* Build configuration list for PBXProject "ZJImagePickerDemo" */ = {
			isa = XCConfigurationList;
			buildConfigurations = (
				1FA55A791D7B03DD00B51E16 /* Debug */,
				1FA55A7A1D7B03DD00B51E16 /* Release */,
			);
			defaultConfigurationIsVisible = 0;
			defaultConfigurationName = Release;
		};
		1FA55A7B1D7B03DD00B51E16 /* Build configuration list for PBXNativeTarget "ZJImagePickerDemo" */ = {
			isa = XCConfigurationList;
			buildConfigurations = (
				1FA55A7C1D7B03DD00B51E16 /* Debug */,
				1FA55A7D1D7B03DD00B51E16 /* Release */,
			);
			defaultConfigurationIsVisible = 0;
			defaultConfigurationName = Release;
		};
/* End XCConfigurationList section */
	};
	rootObject = 1FA55A5C1D7B03DD00B51E16 /* Project object */;
}
